Microsoft Visual Studio Solution File, Format Version 12.00
# Visual Studio Version 17
VisualStudioVersion = 17.0.32014.148
MinimumVisualStudioVersion = 10.0.40219.1
Project("{9A19103F-16F7-4668-BE54-9A1E7A4F7556}") = "Casas do PI", "Casas do PI\Casas do PI.csproj", "{B50178C1-52EB-46E8-B90A-58F926908FE9}"
EndProject
Global
	GlobalSection(SolutionConfigurationPlatforms) = preSolution
		Debug|Any CPU = Debug|Any CPU
		Release|Any CPU = Release|Any CPU
	EndGlobalSection
	GlobalSection(ProjectConfigurationPlatforms) = postSolution
		{B50178C1-52EB-46E8-B90A-58F926908FE9}.Debug|Any CPU.ActiveCfg = Debug|Any CPU
		{B50178C1-52EB-46E8-B90A-58F926908FE9}.Debug|Any CPU.Build.0 = Debug|Any CPU
		{B50178C1-52EB-46E8-B90A-58F926908FE9}.Release|Any CPU.ActiveCfg = Release|Any CPU
		{B50178C1-52EB-46E8-B90A-58F926908FE9}.Release|Any CPU.Build.0 = Release|Any CPU
	EndGlobalSection
	GlobalSection(SolutionProperties) = preSolution
		HideSolutionNode = FALSE
	EndGlobalSection
	GlobalSection(ExtensibilityGlobals) = postSolution
		SolutionGuid = {2E371D34-30D1-43D6-948C-1345AA93CFC9}
	EndGlobalSection
EndGlobal
